
Microsoft Visual Studio Solution File, Format Version 12.00
# Visual Studio Version 17
VisualStudioVersion = 17.7.34031.279
MinimumVisualStudioVersion = 10.0.40219.1
Project("{9A19103F-16F7-4668-BE54-9A1E7A4F7556}") = "Day1", "Day1\Day1.csproj", "{AD1B1387-FC20-49E3-8F65-DD6D4B0B5BA2}"
EndProject
Project("{9A19103F-16F7-4668-BE54-9A1E7A4F7556}") = "Day3", "Day3\Day3.csproj", "{4B9047AD-92C6-4FB8-8174-E9BE39A301CD}"
EndProject
Project("{9A19103F-16F7-4668-BE54-9A1E7A4F7556}") = "Utils", "Utils\Utils.csproj", "{96CA3F19-9EA6-40A4-ABEB-10188B9A0A5B}"
EndProject
Project("{9A19103F-16F7-4668-BE54-9A1E7A4F7556}") = "Day2", "Day2\Day2.csproj", "{1CBC8FAD-F4D3-4FB3-9D3E-84B887D664AB}"
EndProject
Project("{9A19103F-16F7-4668-BE54-9A1E7A4F7556}") = "Day4", "Day4\Day4.csproj", "{07E612D3-9330-4027-8E08-9E0B3A63799E}"
EndProject
Project("{9A19103F-16F7-4668-BE54-9A1E7A4F7556}") = "Day5", "Day5\Day5.csproj", "{7288F999-9CDE-443E-9717-CC223894B6FC}"
EndProject
Project("{9A19103F-16F7-4668-BE54-9A1E7A4F7556}") = "Day6", "Day6\Day6.csproj", "{11CE24BE-FF38-4C35-8A2F-9BA87F90EFB4}"
EndProject
Project("{9A19103F-16F7-4668-BE54-9A1E7A4F7556}") = "Day7", "Day7\Day7.csproj", "{54918CB5-F35A-4348-AC57-5539F391B886}"
EndProject
Project("{9A19103F-16F7-4668-BE54-9A1E7A4F7556}") = "Day8", "Day8\Day8.csproj", "{6C56C629-8807-45B4-9266-3873496A2357}"
EndProject
Project("{9A19103F-16F7-4668-BE54-9A1E7A4F7556}") = "Day9", "Day9\Day9.csproj", "{F1D8C219-5782-41E6-81EA-263295F808E8}"
EndProject
Project("{9A19103F-16F7-4668-BE54-9A1E7A4F7556}") = "Day10", "Day10\Day10.csproj", "{38265DC8-62EC-464A-BB83-5B22997BC431}"
EndProject
Project("{9A19103F-16F7-4668-BE54-9A1E7A4F7556}") = "Day11", "Day11\Day11.csproj", "{39797A6E-C2EB-4584-A866-2DCC396DA7A2}"
EndProject
Project("{9A19103F-16F7-4668-BE54-9A1E7A4F7556}") = "Day12", "Day12\Day12.csproj", "{965F67FA-7DC5-425E-88C1-457B9D18C0ED}"
EndProject
Project("{9A19103F-16F7-4668-BE54-9A1E7A4F7556}") = "Day13", "Day13\Day13.csproj", "{39A0FB54-9CB5-44DD-A9E5-1BEA3BFDA875}"
EndProject
Project("{9A19103F-16F7-4668-BE54-9A1E7A4F7556}") = "Day14", "Day14\Day14.csproj", "{2EC5CABA-F03B-41AA-95B7-EF333FF62AAB}"
EndProject
Project("{9A19103F-16F7-4668-BE54-9A1E7A4F7556}") = "Day15", "Day15\Day15.csproj", "{A21648B9-300B-4886-9CC9-2718CF879EBA}"
EndProject
Project("{9A19103F-16F7-4668-BE54-9A1E7A4F7556}") = "Day16", "Day16\Day16.csproj", "{B3CD8733-7DA4-41EE-B317-59910E62FA90}"
EndProject
Project("{9A19103F-16F7-4668-BE54-9A1E7A4F7556}") = "Day17", "Day17\Day17.csproj", "{F97CFCA8-2719-45BB-A1FA-50B4B7A64B40}"
EndProject
Project("{9A19103F-16F7-4668-BE54-9A1E7A4F7556}") = "Day19", "Day19\Day19.csproj", "{F889D788-E26D-4B7A-8BAD-84A107D0F6D2}"
EndProject
Project("{9A19103F-16F7-4668-BE54-9A1E7A4F7556}") = "Day18", "Day18\Day18.csproj", "{EB7A8B96-DC55-455D-85BA-4BEAB35B6746}"
EndProject
Project("{FAE04EC0-301F-11D3-BF4B-00C04F79EFBC}") = "Day21", "Day21\Day21.csproj", "{5A7F39E0-E9D4-4C48-86ED-AE7B219167C0}"
EndProject
Global
	GlobalSection(SolutionConfigurationPlatforms) = preSolution
		Debug|Any CPU = Debug|Any CPU
		Release|Any CPU = Release|Any CPU
	EndGlobalSection
	GlobalSection(ProjectConfigurationPlatforms) = postSolution
		{AD1B1387-FC20-49E3-8F65-DD6D4B0B5BA2}.Debug|Any CPU.ActiveCfg = Debug|Any CPU
		{AD1B1387-FC20-49E3-8F65-DD6D4B0B5BA2}.Debug|Any CPU.Build.0 = Debug|Any CPU
		{AD1B1387-FC20-49E3-8F65-DD6D4B0B5BA2}.Release|Any CPU.ActiveCfg = Release|Any CPU
		{AD1B1387-FC20-49E3-8F65-DD6D4B0B5BA2}.Release|Any CPU.Build.0 = Release|Any CPU
		{4B9047AD-92C6-4FB8-8174-E9BE39A301CD}.Debug|Any CPU.ActiveCfg = Debug|Any CPU
		{4B9047AD-92C6-4FB8-8174-E9BE39A301CD}.Debug|Any CPU.Build.0 = Debug|Any CPU
		{4B9047AD-92C6-4FB8-8174-E9BE39A301CD}.Release|Any CPU.ActiveCfg = Release|Any CPU
		{4B9047AD-92C6-4FB8-8174-E9BE39A301CD}.Release|Any CPU.Build.0 = Release|Any CPU
		{96CA3F19-9EA6-40A4-ABEB-10188B9A0A5B}.Debug|Any CPU.ActiveCfg = Debug|Any CPU
		{96CA3F19-9EA6-40A4-ABEB-10188B9A0A5B}.Debug|Any CPU.Build.0 = Debug|Any CPU
		{96CA3F19-9EA6-40A4-ABEB-10188B9A0A5B}.Release|Any CPU.ActiveCfg = Release|Any CPU
		{96CA3F19-9EA6-40A4-ABEB-10188B9A0A5B}.Release|Any CPU.Build.0 = Release|Any CPU
		{1CBC8FAD-F4D3-4FB3-9D3E-84B887D664AB}.Debug|Any CPU.ActiveCfg = Debug|Any CPU
		{1CBC8FAD-F4D3-4FB3-9D3E-84B887D664AB}.Debug|Any CPU.Build.0 = Debug|Any CPU
		{1CBC8FAD-F4D3-4FB3-9D3E-84B887D664AB}.Release|Any CPU.ActiveCfg = Release|Any CPU
		{1CBC8FAD-F4D3-4FB3-9D3E-84B887D664AB}.Release|Any CPU.Build.0 = Release|Any CPU
		{07E612D3-9330-4027-8E08-9E0B3A63799E}.Debug|Any CPU.ActiveCfg = Debug|Any CPU
		{07E612D3-9330-4027-8E08-9E0B3A63799E}.Debug|Any CPU.Build.0 = Debug|Any CPU
		{07E612D3-9330-4027-8E08-9E0B3A63799E}.Release|Any CPU.ActiveCfg = Release|Any CPU
		{07E612D3-9330-4027-8E08-9E0B3A63799E}.Release|Any CPU.Build.0 = Release|Any CPU
		{7288F999-9CDE-443E-9717-CC223894B6FC}.Debug|Any CPU.ActiveCfg = Debug|Any CPU
		{7288F999-9CDE-443E-9717-CC223894B6FC}.Debug|Any CPU.Build.0 = Debug|Any CPU
		{7288F999-9CDE-443E-9717-CC223894B6FC}.Release|Any CPU.ActiveCfg = Release|Any CPU
		{7288F999-9CDE-443E-9717-CC223894B6FC}.Release|Any CPU.Build.0 = Release|Any CPU
		{11CE24BE-FF38-4C35-8A2F-9BA87F90EFB4}.Debug|Any CPU.ActiveCfg = Debug|Any CPU
		{11CE24BE-FF38-4C35-8A2F-9BA87F90EFB4}.Debug|Any CPU.Build.0 = Debug|Any CPU
		{11CE24BE-FF38-4C35-8A2F-9BA87F90EFB4}.Release|Any CPU.ActiveCfg = Release|Any CPU
		{11CE24BE-FF38-4C35-8A2F-9BA87F90EFB4}.Release|Any CPU.Build.0 = Release|Any CPU
		{54918CB5-F35A-4348-AC57-5539F391B886}.Debug|Any CPU.ActiveCfg = Debug|Any CPU
		{54918CB5-F35A-4348-AC57-5539F391B886}.Debug|Any CPU.Build.0 = Debug|Any CPU
		{54918CB5-F35A-4348-AC57-5539F391B886}.Release|Any CPU.ActiveCfg = Release|Any CPU
		{54918CB5-F35A-4348-AC57-5539F391B886}.Release|Any CPU.Build.0 = Release|Any CPU
		{6C56C629-8807-45B4-9266-3873496A2357}.Debug|Any CPU.ActiveCfg = Debug|Any CPU
		{6C56C629-8807-45B4-9266-3873496A2357}.Debug|Any CPU.Build.0 = Debug|Any CPU
		{6C56C629-8807-45B4-9266-3873496A2357}.Release|Any CPU.ActiveCfg = Release|Any CPU
		{6C56C629-8807-45B4-9266-3873496A2357}.Release|Any CPU.Build.0 = Release|Any CPU
		{F1D8C219-5782-41E6-81EA-263295F808E8}.Debug|Any CPU.ActiveCfg = Debug|Any CPU
		{F1D8C219-5782-41E6-81EA-263295F808E8}.Debug|Any CPU.Build.0 = Debug|Any CPU
		{F1D8C219-5782-41E6-81EA-263295F808E8}.Release|Any CPU.ActiveCfg = Release|Any CPU
		{F1D8C219-5782-41E6-81EA-263295F808E8}.Release|Any CPU.Build.0 = Release|Any CPU
		{38265DC8-62EC-464A-BB83-5B22997BC431}.Debug|Any CPU.ActiveCfg = Debug|Any CPU
		{38265DC8-62EC-464A-BB83-5B22997BC431}.Debug|Any CPU.Build.0 = Debug|Any CPU
		{38265DC8-62EC-464A-BB83-5B22997BC431}.Release|Any CPU.ActiveCfg = Release|Any CPU
		{38265DC8-62EC-464A-BB83-5B22997BC431}.Release|Any CPU.Build.0 = Release|Any CPU
		{39797A6E-C2EB-4584-A866-2DCC396DA7A2}.Debug|Any CPU.ActiveCfg = Debug|Any CPU
		{39797A6E-C2EB-4584-A866-2DCC396DA7A2}.Debug|Any CPU.Build.0 = Debug|Any CPU
		{39797A6E-C2EB-4584-A866-2DCC396DA7A2}.Release|Any CPU.ActiveCfg = Release|Any CPU
		{39797A6E-C2EB-4584-A866-2DCC396DA7A2}.Release|Any CPU.Build.0 = Release|Any CPU
		{965F67FA-7DC5-425E-88C1-457B9D18C0ED}.Debug|Any CPU.ActiveCfg = Debug|Any CPU
		{965F67FA-7DC5-425E-88C1-457B9D18C0ED}.Debug|Any CPU.Build.0 = Debug|Any CPU
		{965F67FA-7DC5-425E-88C1-457B9D18C0ED}.Release|Any CPU.ActiveCfg = Release|Any CPU
		{965F67FA-7DC5-425E-88C1-457B9D18C0ED}.Release|Any CPU.Build.0 = Release|Any CPU
		{39A0FB54-9CB5-44DD-A9E5-1BEA3BFDA875}.Debug|Any CPU.ActiveCfg = Debug|Any CPU
		{39A0FB54-9CB5-44DD-A9E5-1BEA3BFDA875}.Debug|Any CPU.Build.0 = Debug|Any CPU
		{39A0FB54-9CB5-44DD-A9E5-1BEA3BFDA875}.Release|Any CPU.ActiveCfg = Release|Any CPU
		{39A0FB54-9CB5-44DD-A9E5-1BEA3BFDA875}.Release|Any CPU.Build.0 = Release|Any CPU
		{2EC5CABA-F03B-41AA-95B7-EF333FF62AAB}.Debug|Any CPU.ActiveCfg = Debug|Any CPU
		{2EC5CABA-F03B-41AA-95B7-EF333FF62AAB}.Debug|Any CPU.Build.0 = Debug|Any CPU
		{2EC5CABA-F03B-41AA-95B7-EF333FF62AAB}.Release|Any CPU.ActiveCfg = Release|Any CPU
		{2EC5CABA-F03B-41AA-95B7-EF333FF62AAB}.Release|Any CPU.Build.0 = Release|Any CPU
		{A21648B9-300B-4886-9CC9-2718CF879EBA}.Debug|Any CPU.ActiveCfg = Debug|Any CPU
		{A21648B9-300B-4886-9CC9-2718CF879EBA}.Debug|Any CPU.Build.0 = Debug|Any CPU
		{A21648B9-300B-4886-9CC9-2718CF879EBA}.Release|Any CPU.ActiveCfg = Release|Any CPU
		{A21648B9-300B-4886-9CC9-2718CF879EBA}.Release|Any CPU.Build.0 = Release|Any CPU
		{B3CD8733-7DA4-41EE-B317-59910E62FA90}.Debug|Any CPU.ActiveCfg = Debug|Any CPU
		{B3CD8733-7DA4-41EE-B317-59910E62FA90}.Debug|Any CPU.Build.0 = Debug|Any CPU
		{B3CD8733-7DA4-41EE-B317-59910E62FA90}.Release|Any CPU.ActiveCfg = Release|Any CPU
		{B3CD8733-7DA4-41EE-B317-59910E62FA90}.Release|Any CPU.Build.0 = Release|Any CPU
		{F97CFCA8-2719-45BB-A1FA-50B4B7A64B40}.Debug|Any CPU.ActiveCfg = Debug|Any CPU
		{F97CFCA8-2719-45BB-A1FA-50B4B7A64B40}.Debug|Any CPU.Build.0 = Debug|Any CPU
		{F97CFCA8-2719-45BB-A1FA-50B4B7A64B40}.Release|Any CPU.ActiveCfg = Release|Any CPU
		{F97CFCA8-2719-45BB-A1FA-50B4B7A64B40}.Release|Any CPU.Build.0 = Release|Any CPU
		{F889D788-E26D-4B7A-8BAD-84A107D0F6D2}.Debug|Any CPU.ActiveCfg = Debug|Any CPU
		{F889D788-E26D-4B7A-8BAD-84A107D0F6D2}.Debug|Any CPU.Build.0 = Debug|Any CPU
		{F889D788-E26D-4B7A-8BAD-84A107D0F6D2}.Release|Any CPU.ActiveCfg = Release|Any CPU
		{F889D788-E26D-4B7A-8BAD-84A107D0F6D2}.Release|Any CPU.Build.0 = Release|Any CPU
		{EB7A8B96-DC55-455D-85BA-4BEAB35B6746}.Debug|Any CPU.ActiveCfg = Debug|Any CPU
		{EB7A8B96-DC55-455D-85BA-4BEAB35B6746}.Debug|Any CPU.Build.0 = Debug|Any CPU
		{EB7A8B96-DC55-455D-85BA-4BEAB35B6746}.Release|Any CPU.ActiveCfg = Release|Any CPU
		{EB7A8B96-DC55-455D-85BA-4BEAB35B6746}.Release|Any CPU.Build.0 = Release|Any CPU
		{5A7F39E0-E9D4-4C48-86ED-AE7B219167C0}.Debug|Any CPU.ActiveCfg = Debug|Any CPU
		{5A7F39E0-E9D4-4C48-86ED-AE7B219167C0}.Debug|Any CPU.Build.0 = Debug|Any CPU
		{5A7F39E0-E9D4-4C48-86ED-AE7B219167C0}.Release|Any CPU.ActiveCfg = Release|Any CPU
		{5A7F39E0-E9D4-4C48-86ED-AE7B219167C0}.Release|Any CPU.Build.0 = Release|Any CPU
	EndGlobalSection
	GlobalSection(SolutionProperties) = preSolution
		HideSolutionNode = FALSE
	EndGlobalSection
	GlobalSection(ExtensibilityGlobals) = postSolution
		SolutionGuid = {BBA58519-2E8C-4176-B9B9-31291CF5578F}
	EndGlobalSection
EndGlobal
